
Microsoft Visual Studio Solution File, Format Version 12.00
# Visual Studio Version 17
VisualStudioVersion = 17.5.33516.290
MinimumVisualStudioVersion = 10.0.40219.1
Project("{FAE04EC0-301F-11D3-BF4B-00C04F79EFBC}") = "EanrrangoS2_Tarea2.Android", "EanrrangoS2_Tarea2.Android\EanrrangoS2_Tarea2.Android.csproj", "{7F13DD5C-DB82-4D72-86FE-704A1E3183BC}"
EndProject
Project("{FAE04EC0-301F-11D3-BF4B-00C04F79EFBC}") = "EanrrangoS2_Tarea2.iOS", "EanrrangoS2_Tarea2.iOS\EanrrangoS2_Tarea2.iOS.csproj", "{314A5C1A-AC74-4BB7-88C7-B7F350E4C140}"
EndProject
Project("{FAE04EC0-301F-11D3-BF4B-00C04F79EFBC}") = "EanrrangoS2_Tarea2", "EanrrangoS2_Tarea2\EanrrangoS2_Tarea2.csproj", "{56BB1643-C658-4737-86A2-EBDF5C1F5CEA}"
EndProject
Global
	GlobalSection(SolutionConfigurationPlatforms) = preSolution
		Debug|Any CPU = Debug|Any CPU
		Debug|iPhone = Debug|iPhone
		Debug|iPhoneSimulator = Debug|iPhoneSimulator
		Release|Any CPU = Release|Any CPU
		Release|iPhone = Release|iPhone
		Release|iPhoneSimulator = Release|iPhoneSimulator
	EndGlobalSection
	GlobalSection(ProjectConfigurationPlatforms) = postSolution
		{7F13DD5C-DB82-4D72-86FE-704A1E3183BC}.Debug|Any CPU.ActiveCfg = Debug|Any CPU
		{7F13DD5C-DB82-4D72-86FE-704A1E3183BC}.Debug|Any CPU.Build.0 = Debug|Any CPU
		{7F13DD5C-DB82-4D72-86FE-704A1E3183BC}.Debug|Any CPU.Deploy.0 = Debug|Any CPU
		{7F13DD5C-DB82-4D72-86FE-704A1E3183BC}.Debug|iPhone.ActiveCfg = Debug|Any CPU
		{7F13DD5C-DB82-4D72-86FE-704A1E3183BC}.Debug|iPhone.Build.0 = Debug|Any CPU
		{7F13DD5C-DB82-4D72-86FE-704A1E3183BC}.Debug|iPhone.Deploy.0 = Debug|Any CPU
		{7F13DD5C-DB82-4D72-86FE-704A1E3183BC}.Debug|iPhoneSimulator.ActiveCfg = Debug|Any CPU
		{7F13DD5C-DB82-4D72-86FE-704A1E3183BC}.Debug|iPhoneSimulator.Build.0 = Debug|Any CPU
		{7F13DD5C-DB82-4D72-86FE-704A1E3183BC}.Debug|iPhoneSimulator.Deploy.0 = Debug|Any CPU
		{7F13DD5C-DB82-4D72-86FE-704A1E3183BC}.Release|Any CPU.ActiveCfg = Release|Any CPU
		{7F13DD5C-DB82-4D72-86FE-704A1E3183BC}.Release|Any CPU.Build.0 = Release|Any CPU
		{7F13DD5C-DB82-4D72-86FE-704A1E3183BC}.Release|Any CPU.Deploy.0 = Release|Any CPU
		{7F13DD5C-DB82-4D72-86FE-704A1E3183BC}.Release|iPhone.ActiveCfg = Release|Any CPU
		{7F13DD5C-DB82-4D72-86FE-704A1E3183BC}.Release|iPhone.Build.0 = Release|Any CPU
		{7F13DD5C-DB82-4D72-86FE-704A1E3183BC}.Release|iPhone.Deploy.0 = Release|Any CPU
		{7F13DD5C-DB82-4D72-86FE-704A1E3183BC}.Release|iPhoneSimulator.ActiveCfg = Release|Any CPU
		{7F13DD5C-DB82-4D72-86FE-704A1E3183BC}.Release|iPhoneSimulator.Build.0 = Release|Any CPU
		{7F13DD5C-DB82-4D72-86FE-704A1E3183BC}.Release|iPhoneSimulator.Deploy.0 = Release|Any CPU
		{314A5C1A-AC74-4BB7-88C7-B7F350E4C140}.Debug|Any CPU.ActiveCfg = Debug|iPhone
		{314A5C1A-AC74-4BB7-88C7-B7F350E4C140}.Debug|Any CPU.Build.0 = Debug|iPhone
		{314A5C1A-AC74-4BB7-88C7-B7F350E4C140}.Debug|Any CPU.Deploy.0 = Debug|iPhone
		{314A5C1A-AC74-4BB7-88C7-B7F350E4C140}.Debug|iPhone.ActiveCfg = Debug|iPhone
		{314A5C1A-AC74-4BB7-88C7-B7F350E4C140}.Debug|iPhone.Build.0 = Debug|iPhone
		{314A5C1A-AC74-4BB7-88C7-B7F350E4C140}.Debug|iPhone.Deploy.0 = Debug|iPhone
		{314A5C1A-AC74-4BB7-88C7-B7F350E4C140}.Debug|iPhoneSimulator.ActiveCfg = Debug|iPhoneSimulator
		{314A5C1A-AC74-4BB7-88C7-B7F350E4C140}.Debug|iPhoneSimulator.Build.0 = Debug|iPhoneSimulator
		{314A5C1A-AC74-4BB7-88C7-B7F350E4C140}.Debug|iPhoneSimulator.Deploy.0 = Debug|iPhoneSimulator
		{314A5C1A-AC74-4BB7-88C7-B7F350E4C140}.Release|Any CPU.ActiveCfg = Release|iPhoneSimulator
		{314A5C1A-AC74-4BB7-88C7-B7F350E4C140}.Release|Any CPU.Build.0 = Release|iPhoneSimulator
		{314A5C1A-AC74-4BB7-88C7-B7F350E4C140}.Release|Any CPU.Deploy.0 = Release|iPhoneSimulator
		{314A5C1A-AC74-4BB7-88C7-B7F350E4C140}.Release|iPhone.ActiveCfg = Release|iPhone
		{314A5C1A-AC74-4BB7-88C7-B7F350E4C140}.Release|iPhone.Build.0 = Release|iPhone
		{314A5C1A-AC74-4BB7-88C7-B7F350E4C140}.Release|iPhone.Deploy.0 = Release|iPhone
		{314A5C1A-AC74-4BB7-88C7-B7F350E4C140}.Release|iPhoneSimulator.ActiveCfg = Release|iPhoneSimulator
		{314A5C1A-AC74-4BB7-88C7-B7F350E4C140}.Release|iPhoneSimulator.Build.0 = Release|iPhoneSimulator
		{314A5C1A-AC74-4BB7-88C7-B7F350E4C140}.Release|iPhoneSimulator.Deploy.0 = Release|iPhoneSimulator
		{56BB1643-C658-4737-86A2-EBDF5C1F5CEA}.Debug|Any CPU.ActiveCfg = Debug|Any CPU
		{56BB1643-C658-4737-86A2-EBDF5C1F5CEA}.Debug|Any CPU.Build.0 = Debug|Any CPU
		{56BB1643-C658-4737-86A2-EBDF5C1F5CEA}.Debug|Any CPU.Deploy.0 = Debug|Any CPU
		{56BB1643-C658-4737-86A2-EBDF5C1F5CEA}.Debug|iPhone.ActiveCfg = Debug|Any CPU
		{56BB1643-C658-4737-86A2-EBDF5C1F5CEA}.Debug|iPhone.Build.0 = Debug|Any CPU
		{56BB1643-C658-4737-86A2-EBDF5C1F5CEA}.Debug|iPhone.Deploy.0 = Debug|Any CPU
		{56BB1643-C658-4737-86A2-EBDF5C1F5CEA}.Debug|iPhoneSimulator.ActiveCfg = Debug|Any CPU
		{56BB1643-C658-4737-86A2-EBDF5C1F5CEA}.Debug|iPhoneSimulator.Build.0 = Debug|Any CPU
		{56BB1643-C658-4737-86A2-EBDF5C1F5CEA}.Debug|iPhoneSimulator.Deploy.0 = Debug|Any CPU
		{56BB1643-C658-4737-86A2-EBDF5C1F5CEA}.Release|Any CPU.ActiveCfg = Release|Any CPU
		{56BB1643-C658-4737-86A2-EBDF5C1F5CEA}.Release|Any CPU.Build.0 = Release|Any CPU
		{56BB1643-C658-4737-86A2-EBDF5C1F5CEA}.Release|Any CPU.Deploy.0 = Release|Any CPU
		{56BB1643-C658-4737-86A2-EBDF5C1F5CEA}.Release|iPhone.ActiveCfg = Release|Any CPU
		{56BB1643-C658-4737-86A2-EBDF5C1F5CEA}.Release|iPhone.Build.0 = Release|Any CPU
		{56BB1643-C658-4737-86A2-EBDF5C1F5CEA}.Release|iPhone.Deploy.0 = Release|Any CPU
		{56BB1643-C658-4737-86A2-EBDF5C1F5CEA}.Release|iPhoneSimulator.ActiveCfg = Release|Any CPU
		{56BB1643-C658-4737-86A2-EBDF5C1F5CEA}.Release|iPhoneSimulator.Build.0 = Release|Any CPU
		{56BB1643-C658-4737-86A2-EBDF5C1F5CEA}.Release|iPhoneSimulator.Deploy.0 = Release|Any CPU
	EndGlobalSection
	GlobalSection(SolutionProperties) = preSolution
		HideSolutionNode = FALSE
	EndGlobalSection
	GlobalSection(ExtensibilityGlobals) = postSolution
		SolutionGuid = {4A079862-7229-4927-A274-AB574E050434}
	EndGlobalSection
EndGlobal
